
Microsoft Visual Studio Solution File, Format Version 12.00
# Visual Studio Version 17
VisualStudioVersion = 17.14.36623.8 d17.14
MinimumVisualStudioVersion = 10.0.40219.1
Project("{FAE04EC0-301F-11D3-BF4B-00C04F79EFBC}") = "Tetracosm Remembrance", "Tetracosm Remembrance\Tetracosm Remembrance.csproj", "{103A08D5-64F7-4605-8EED-830AB4BB7279}"
EndProject
Global
	GlobalSection(SolutionConfigurationPlatforms) = preSolution
		Debug|Any CPU = Debug|Any CPU
		Release|Any CPU = Release|Any CPU
	EndGlobalSection
	GlobalSection(ProjectConfigurationPlatforms) = postSolution
		{103A08D5-64F7-4605-8EED-830AB4BB7279}.Debug|Any CPU.ActiveCfg = Debug|Any CPU
		{103A08D5-64F7-4605-8EED-830AB4BB7279}.Debug|Any CPU.Build.0 = Debug|Any CPU
		{103A08D5-64F7-4605-8EED-830AB4BB7279}.Release|Any CPU.ActiveCfg = Release|Any CPU
		{103A08D5-64F7-4605-8EED-830AB4BB7279}.Release|Any CPU.Build.0 = Release|Any CPU
	EndGlobalSection
	GlobalSection(SolutionProperties) = preSolution
		HideSolutionNode = FALSE
	EndGlobalSection
	GlobalSection(ExtensibilityGlobals) = postSolution
		SolutionGuid = {753AF467-65E0-45AE-9D56-9BF6570033B6}
	EndGlobalSection
EndGlobal
